
Microsoft Visual Studio Solution File, Format Version 12.00
# Visual Studio Version 17
VisualStudioVersion = 17.5.33103.201
MinimumVisualStudioVersion = 10.0.40219.1
Project("{9A19103F-16F7-4668-BE54-9A1E7A4F7556}") = "WslTest", "WslTest\WslTest.csproj", "{9F10939C-1363-4E4F-B7CB-85711F177D98}"
EndProject
Project("{2150E333-8FDC-42A3-9474-1A3956D46DE8}") = "Solution Items", "Solution Items", "{CD437A5C-2B43-4149-9D98-EE28EE0AA264}"
	ProjectSection(SolutionItems) = preProject
		README.md = README.md
	EndProjectSection
EndProject
Global
	GlobalSection(SolutionConfigurationPlatforms) = preSolution
		Debug|Any CPU = Debug|Any CPU
		Release|Any CPU = Release|Any CPU
	EndGlobalSection
	GlobalSection(ProjectConfigurationPlatforms) = postSolution
		{9F10939C-1363-4E4F-B7CB-85711F177D98}.Debug|Any CPU.ActiveCfg = Debug|Any CPU
		{9F10939C-1363-4E4F-B7CB-85711F177D98}.Debug|Any CPU.Build.0 = Debug|Any CPU
		{9F10939C-1363-4E4F-B7CB-85711F177D98}.Release|Any CPU.ActiveCfg = Release|Any CPU
		{9F10939C-1363-4E4F-B7CB-85711F177D98}.Release|Any CPU.Build.0 = Release|Any CPU
	EndGlobalSection
	GlobalSection(SolutionProperties) = preSolution
		HideSolutionNode = FALSE
	EndGlobalSection
	GlobalSection(ExtensibilityGlobals) = postSolution
		SolutionGuid = {E403BD64-69D4-4543-A8FB-9E741022AFD3}
	EndGlobalSection
EndGlobal
